
Microsoft Visual Studio Solution File, Format Version 12.00
# Visual Studio Version 17
VisualStudioVersion = 17.7.34024.191
MinimumVisualStudioVersion = 10.0.40219.1
Project("{FAE04EC0-301F-11D3-BF4B-00C04F79EFBC}") = "Trivia Game", "Trivia Game.csproj", "{C13827CC-DA00-495A-A4A8-E0382EED6424}"
EndProject
Global
	GlobalSection(SolutionConfigurationPlatforms) = preSolution
		Debug|Any CPU = Debug|Any CPU
		Release|Any CPU = Release|Any CPU
	EndGlobalSection
	GlobalSection(ProjectConfigurationPlatforms) = postSolution
		{C13827CC-DA00-495A-A4A8-E0382EED6424}.Debug|Any CPU.ActiveCfg = Debug|Any CPU
		{C13827CC-DA00-495A-A4A8-E0382EED6424}.Debug|Any CPU.Build.0 = Debug|Any CPU
		{C13827CC-DA00-495A-A4A8-E0382EED6424}.Release|Any CPU.ActiveCfg = Release|Any CPU
		{C13827CC-DA00-495A-A4A8-E0382EED6424}.Release|Any CPU.Build.0 = Release|Any CPU
	EndGlobalSection
	GlobalSection(SolutionProperties) = preSolution
		HideSolutionNode = FALSE
	EndGlobalSection
	GlobalSection(ExtensibilityGlobals) = postSolution
		SolutionGuid = {557DD934-FE95-4D55-82FB-B12839BCD268}
	EndGlobalSection
EndGlobal
